
Microsoft Visual Studio Solution File, Format Version 12.00
# Visual Studio Version 16
VisualStudioVersion = 16.0.29613.14
MinimumVisualStudioVersion = 10.0.40219.1
Project("{FAE04EC0-301F-11D3-BF4B-00C04F79EFBC}") = "Domain", "Domain\Domain.csproj", "{FFE9ED1E-4B24-4A84-8CFE-52FC65F4BC07}"
EndProject
Project("{FAE04EC0-301F-11D3-BF4B-00C04F79EFBC}") = "Application", "Application\Application.csproj", "{BB9869C5-4054-492A-BAD7-5E66E5197507}"
EndProject
Project("{2150E333-8FDC-42A3-9474-1A3956D46DE8}") = "Core", "Core", "{5A8396FF-FB21-4098-BECF-3F5B22172D85}"
EndProject
Project("{2150E333-8FDC-42A3-9474-1A3956D46DE8}") = "Infrastructure", "Infrastructure", "{6D57CC1F-B7FD-4657-87BE-42C074EC89F4}"
EndProject
Project("{2150E333-8FDC-42A3-9474-1A3956D46DE8}") = "Presentation", "Presentation", "{E66E741C-3578-4972-AFCE-51CDB1BDC44D}"
EndProject
Project("{FAE04EC0-301F-11D3-BF4B-00C04F79EFBC}") = "Persistence", "Persistence\Persistence.csproj", "{EE51648F-501A-4E82-A919-A197962AE1A5}"
EndProject
Project("{FAE04EC0-301F-11D3-BF4B-00C04F79EFBC}") = "Web", "Web\Web.csproj", "{13B9DCAD-CB0D-422D-BE4A-C8F741F19C90}"
EndProject
Global
	GlobalSection(SolutionConfigurationPlatforms) = preSolution
		Debug|Any CPU = Debug|Any CPU
		Release|Any CPU = Release|Any CPU
	EndGlobalSection
	GlobalSection(ProjectConfigurationPlatforms) = postSolution
		{FFE9ED1E-4B24-4A84-8CFE-52FC65F4BC07}.Debug|Any CPU.ActiveCfg = Debug|Any CPU
		{FFE9ED1E-4B24-4A84-8CFE-52FC65F4BC07}.Debug|Any CPU.Build.0 = Debug|Any CPU
		{FFE9ED1E-4B24-4A84-8CFE-52FC65F4BC07}.Release|Any CPU.ActiveCfg = Release|Any CPU
		{FFE9ED1E-4B24-4A84-8CFE-52FC65F4BC07}.Release|Any CPU.Build.0 = Release|Any CPU
		{BB9869C5-4054-492A-BAD7-5E66E5197507}.Debug|Any CPU.ActiveCfg = Debug|Any CPU
		{BB9869C5-4054-492A-BAD7-5E66E5197507}.Debug|Any CPU.Build.0 = Debug|Any CPU
		{BB9869C5-4054-492A-BAD7-5E66E5197507}.Release|Any CPU.ActiveCfg = Release|Any CPU
		{BB9869C5-4054-492A-BAD7-5E66E5197507}.Release|Any CPU.Build.0 = Release|Any CPU
		{EE51648F-501A-4E82-A919-A197962AE1A5}.Debug|Any CPU.ActiveCfg = Debug|Any CPU
		{EE51648F-501A-4E82-A919-A197962AE1A5}.Debug|Any CPU.Build.0 = Debug|Any CPU
		{EE51648F-501A-4E82-A919-A197962AE1A5}.Release|Any CPU.ActiveCfg = Release|Any CPU
		{EE51648F-501A-4E82-A919-A197962AE1A5}.Release|Any CPU.Build.0 = Release|Any CPU
		{13B9DCAD-CB0D-422D-BE4A-C8F741F19C90}.Debug|Any CPU.ActiveCfg = Debug|Any CPU
		{13B9DCAD-CB0D-422D-BE4A-C8F741F19C90}.Debug|Any CPU.Build.0 = Debug|Any CPU
		{13B9DCAD-CB0D-422D-BE4A-C8F741F19C90}.Release|Any CPU.ActiveCfg = Release|Any CPU
		{13B9DCAD-CB0D-422D-BE4A-C8F741F19C90}.Release|Any CPU.Build.0 = Release|Any CPU
	EndGlobalSection
	GlobalSection(SolutionProperties) = preSolution
		HideSolutionNode = FALSE
	EndGlobalSection
	GlobalSection(NestedProjects) = preSolution
		{FFE9ED1E-4B24-4A84-8CFE-52FC65F4BC07} = {5A8396FF-FB21-4098-BECF-3F5B22172D85}
		{BB9869C5-4054-492A-BAD7-5E66E5197507} = {5A8396FF-FB21-4098-BECF-3F5B22172D85}
		{EE51648F-501A-4E82-A919-A197962AE1A5} = {6D57CC1F-B7FD-4657-87BE-42C074EC89F4}
		{13B9DCAD-CB0D-422D-BE4A-C8F741F19C90} = {E66E741C-3578-4972-AFCE-51CDB1BDC44D}
	EndGlobalSection
	GlobalSection(ExtensibilityGlobals) = postSolution
		SolutionGuid = {2F78ADB2-889D-436F-979F-C8DE9971E538}
	EndGlobalSection
EndGlobal
