
Microsoft Visual Studio Solution File, Format Version 12.00
# Visual Studio Version 16
VisualStudioVersion = 16.0.29613.14
MinimumVisualStudioVersion = 10.0.40219.1
Project("{9A19103F-16F7-4668-BE54-9A1E7A4F7556}") = "Schoolman.Student.Core.Application", "Schoolman.Student.Core.Application\Schoolman.Student.Core.Application.csproj", "{4F407E0D-D6CE-42D0-857D-6058165339ED}"
EndProject
Project("{9A19103F-16F7-4668-BE54-9A1E7A4F7556}") = "Schoolman.Student.Infrastructure", "Schoolman.Student.Infrastructure\Schoolman.Student.Infrastructure.csproj", "{CE935F52-8BE0-45E4-B357-F2C520932CBA}"
EndProject
Project("{9A19103F-16F7-4668-BE54-9A1E7A4F7556}") = "Schoolman.Student.WenApi", "Schoolman.Student.Presentation.WebAPI\Schoolman.Student.WenApi.csproj", "{70304E84-B1C1-438B-AF3A-04577494A7B7}"
EndProject
Project("{FAE04EC0-301F-11D3-BF4B-00C04F79EFBC}") = "Schoolman.Student.Core.Domain", "Schoolman.Student.Core.Domain\Schoolman.Student.Core.Domain\Schoolman.Student.Core.Domain.csproj", "{BB61A2E8-06F9-4019-AC56-2A968CFFA59F}"
EndProject
Global
	GlobalSection(SolutionConfigurationPlatforms) = preSolution
		Debug|Any CPU = Debug|Any CPU
		Release|Any CPU = Release|Any CPU
	EndGlobalSection
	GlobalSection(ProjectConfigurationPlatforms) = postSolution
		{4F407E0D-D6CE-42D0-857D-6058165339ED}.Debug|Any CPU.ActiveCfg = Debug|Any CPU
		{4F407E0D-D6CE-42D0-857D-6058165339ED}.Debug|Any CPU.Build.0 = Debug|Any CPU
		{4F407E0D-D6CE-42D0-857D-6058165339ED}.Release|Any CPU.ActiveCfg = Release|Any CPU
		{4F407E0D-D6CE-42D0-857D-6058165339ED}.Release|Any CPU.Build.0 = Release|Any CPU
		{CE935F52-8BE0-45E4-B357-F2C520932CBA}.Debug|Any CPU.ActiveCfg = Debug|Any CPU
		{CE935F52-8BE0-45E4-B357-F2C520932CBA}.Debug|Any CPU.Build.0 = Debug|Any CPU
		{CE935F52-8BE0-45E4-B357-F2C520932CBA}.Release|Any CPU.ActiveCfg = Release|Any CPU
		{CE935F52-8BE0-45E4-B357-F2C520932CBA}.Release|Any CPU.Build.0 = Release|Any CPU
		{70304E84-B1C1-438B-AF3A-04577494A7B7}.Debug|Any CPU.ActiveCfg = Debug|Any CPU
		{70304E84-B1C1-438B-AF3A-04577494A7B7}.Debug|Any CPU.Build.0 = Debug|Any CPU
		{70304E84-B1C1-438B-AF3A-04577494A7B7}.Release|Any CPU.ActiveCfg = Release|Any CPU
		{70304E84-B1C1-438B-AF3A-04577494A7B7}.Release|Any CPU.Build.0 = Release|Any CPU
		{BB61A2E8-06F9-4019-AC56-2A968CFFA59F}.Debug|Any CPU.ActiveCfg = Debug|Any CPU
		{BB61A2E8-06F9-4019-AC56-2A968CFFA59F}.Debug|Any CPU.Build.0 = Debug|Any CPU
		{BB61A2E8-06F9-4019-AC56-2A968CFFA59F}.Release|Any CPU.ActiveCfg = Release|Any CPU
		{BB61A2E8-06F9-4019-AC56-2A968CFFA59F}.Release|Any CPU.Build.0 = Release|Any CPU
	EndGlobalSection
	GlobalSection(SolutionProperties) = preSolution
		HideSolutionNode = FALSE
	EndGlobalSection
	GlobalSection(ExtensibilityGlobals) = postSolution
		SolutionGuid = {5A252870-CF29-4631-86D2-6BBF3BFA4A48}
	EndGlobalSection
EndGlobal
